
Microsoft Visual Studio Solution File, Format Version 12.00
# Visual Studio 15
VisualStudioVersion = 15.0.26124.0
MinimumVisualStudioVersion = 15.0.26124.0
Project("{2150E333-8FDC-42A3-9474-1A3956D46DE8}") = "src", "src", "{056D1D80-A61F-489E-A235-9B162F3B5D44}"
EndProject
Project("{FAE04EC0-301F-11D3-BF4B-00C04F79EFBC}") = "Web", "src\Web\Web.csproj", "{57B617E8-5597-4FD5-8BA2-4FFFFEB3A015}"
EndProject
Project("{2150E333-8FDC-42A3-9474-1A3956D46DE8}") = "tests", "tests", "{7982EE21-F135-461C-BD76-B71BDCD04395}"
EndProject
Project("{FAE04EC0-301F-11D3-BF4B-00C04F79EFBC}") = "FunctionalTests", "tests\FunctionalTests\FunctionalTests.csproj", "{13654AE2-3155-46BD-BC8C-F9C890BBFFF6}"
EndProject
Project("{FAE04EC0-301F-11D3-BF4B-00C04F79EFBC}") = "IntegrationTests", "tests\IntegrationTests\IntegrationTests.csproj", "{5873536A-5828-4795-9422-54211754ECEF}"
EndProject
Project("{FAE04EC0-301F-11D3-BF4B-00C04F79EFBC}") = "UnitTests", "tests\UnitTests\UnitTests.csproj", "{6D3CDE6D-6CA7-47D1-AC14-39BCAB43DF9C}"
EndProject
Global
	GlobalSection(SolutionConfigurationPlatforms) = preSolution
		Debug|Any CPU = Debug|Any CPU
		Debug|x64 = Debug|x64
		Debug|x86 = Debug|x86
		Release|Any CPU = Release|Any CPU
		Release|x64 = Release|x64
		Release|x86 = Release|x86
	EndGlobalSection
	GlobalSection(SolutionProperties) = preSolution
		HideSolutionNode = FALSE
	EndGlobalSection
	GlobalSection(ProjectConfigurationPlatforms) = postSolution
		{57B617E8-5597-4FD5-8BA2-4FFFFEB3A015}.Debug|Any CPU.ActiveCfg = Debug|Any CPU
		{57B617E8-5597-4FD5-8BA2-4FFFFEB3A015}.Debug|Any CPU.Build.0 = Debug|Any CPU
		{57B617E8-5597-4FD5-8BA2-4FFFFEB3A015}.Debug|x64.ActiveCfg = Debug|Any CPU
		{57B617E8-5597-4FD5-8BA2-4FFFFEB3A015}.Debug|x64.Build.0 = Debug|Any CPU
		{57B617E8-5597-4FD5-8BA2-4FFFFEB3A015}.Debug|x86.ActiveCfg = Debug|Any CPU
		{57B617E8-5597-4FD5-8BA2-4FFFFEB3A015}.Debug|x86.Build.0 = Debug|Any CPU
		{57B617E8-5597-4FD5-8BA2-4FFFFEB3A015}.Release|Any CPU.ActiveCfg = Release|Any CPU
		{57B617E8-5597-4FD5-8BA2-4FFFFEB3A015}.Release|Any CPU.Build.0 = Release|Any CPU
		{57B617E8-5597-4FD5-8BA2-4FFFFEB3A015}.Release|x64.ActiveCfg = Release|Any CPU
		{57B617E8-5597-4FD5-8BA2-4FFFFEB3A015}.Release|x64.Build.0 = Release|Any CPU
		{57B617E8-5597-4FD5-8BA2-4FFFFEB3A015}.Release|x86.ActiveCfg = Release|Any CPU
		{57B617E8-5597-4FD5-8BA2-4FFFFEB3A015}.Release|x86.Build.0 = Release|Any CPU
		{13654AE2-3155-46BD-BC8C-F9C890BBFFF6}.Debug|Any CPU.ActiveCfg = Debug|Any CPU
		{13654AE2-3155-46BD-BC8C-F9C890BBFFF6}.Debug|Any CPU.Build.0 = Debug|Any CPU
		{13654AE2-3155-46BD-BC8C-F9C890BBFFF6}.Debug|x64.ActiveCfg = Debug|Any CPU
		{13654AE2-3155-46BD-BC8C-F9C890BBFFF6}.Debug|x64.Build.0 = Debug|Any CPU
		{13654AE2-3155-46BD-BC8C-F9C890BBFFF6}.Debug|x86.ActiveCfg = Debug|Any CPU
		{13654AE2-3155-46BD-BC8C-F9C890BBFFF6}.Debug|x86.Build.0 = Debug|Any CPU
		{13654AE2-3155-46BD-BC8C-F9C890BBFFF6}.Release|Any CPU.ActiveCfg = Release|Any CPU
		{13654AE2-3155-46BD-BC8C-F9C890BBFFF6}.Release|Any CPU.Build.0 = Release|Any CPU
		{13654AE2-3155-46BD-BC8C-F9C890BBFFF6}.Release|x64.ActiveCfg = Release|Any CPU
		{13654AE2-3155-46BD-BC8C-F9C890BBFFF6}.Release|x64.Build.0 = Release|Any CPU
		{13654AE2-3155-46BD-BC8C-F9C890BBFFF6}.Release|x86.ActiveCfg = Release|Any CPU
		{13654AE2-3155-46BD-BC8C-F9C890BBFFF6}.Release|x86.Build.0 = Release|Any CPU
		{5873536A-5828-4795-9422-54211754ECEF}.Debug|Any CPU.ActiveCfg = Debug|Any CPU
		{5873536A-5828-4795-9422-54211754ECEF}.Debug|Any CPU.Build.0 = Debug|Any CPU
		{5873536A-5828-4795-9422-54211754ECEF}.Debug|x64.ActiveCfg = Debug|Any CPU
		{5873536A-5828-4795-9422-54211754ECEF}.Debug|x64.Build.0 = Debug|Any CPU
		{5873536A-5828-4795-9422-54211754ECEF}.Debug|x86.ActiveCfg = Debug|Any CPU
		{5873536A-5828-4795-9422-54211754ECEF}.Debug|x86.Build.0 = Debug|Any CPU
		{5873536A-5828-4795-9422-54211754ECEF}.Release|Any CPU.ActiveCfg = Release|Any CPU
		{5873536A-5828-4795-9422-54211754ECEF}.Release|Any CPU.Build.0 = Release|Any CPU
		{5873536A-5828-4795-9422-54211754ECEF}.Release|x64.ActiveCfg = Release|Any CPU
		{5873536A-5828-4795-9422-54211754ECEF}.Release|x64.Build.0 = Release|Any CPU
		{5873536A-5828-4795-9422-54211754ECEF}.Release|x86.ActiveCfg = Release|Any CPU
		{5873536A-5828-4795-9422-54211754ECEF}.Release|x86.Build.0 = Release|Any CPU
		{6D3CDE6D-6CA7-47D1-AC14-39BCAB43DF9C}.Debug|Any CPU.ActiveCfg = Debug|Any CPU
		{6D3CDE6D-6CA7-47D1-AC14-39BCAB43DF9C}.Debug|Any CPU.Build.0 = Debug|Any CPU
		{6D3CDE6D-6CA7-47D1-AC14-39BCAB43DF9C}.Debug|x64.ActiveCfg = Debug|Any CPU
		{6D3CDE6D-6CA7-47D1-AC14-39BCAB43DF9C}.Debug|x64.Build.0 = Debug|Any CPU
		{6D3CDE6D-6CA7-47D1-AC14-39BCAB43DF9C}.Debug|x86.ActiveCfg = Debug|Any CPU
		{6D3CDE6D-6CA7-47D1-AC14-39BCAB43DF9C}.Debug|x86.Build.0 = Debug|Any CPU
		{6D3CDE6D-6CA7-47D1-AC14-39BCAB43DF9C}.Release|Any CPU.ActiveCfg = Release|Any CPU
		{6D3CDE6D-6CA7-47D1-AC14-39BCAB43DF9C}.Release|Any CPU.Build.0 = Release|Any CPU
		{6D3CDE6D-6CA7-47D1-AC14-39BCAB43DF9C}.Release|x64.ActiveCfg = Release|Any CPU
		{6D3CDE6D-6CA7-47D1-AC14-39BCAB43DF9C}.Release|x64.Build.0 = Release|Any CPU
		{6D3CDE6D-6CA7-47D1-AC14-39BCAB43DF9C}.Release|x86.ActiveCfg = Release|Any CPU
		{6D3CDE6D-6CA7-47D1-AC14-39BCAB43DF9C}.Release|x86.Build.0 = Release|Any CPU
	EndGlobalSection
	GlobalSection(NestedProjects) = preSolution
		{57B617E8-5597-4FD5-8BA2-4FFFFEB3A015} = {056D1D80-A61F-489E-A235-9B162F3B5D44}
		{13654AE2-3155-46BD-BC8C-F9C890BBFFF6} = {7982EE21-F135-461C-BD76-B71BDCD04395}
		{5873536A-5828-4795-9422-54211754ECEF} = {7982EE21-F135-461C-BD76-B71BDCD04395}
		{6D3CDE6D-6CA7-47D1-AC14-39BCAB43DF9C} = {7982EE21-F135-461C-BD76-B71BDCD04395}
	EndGlobalSection
EndGlobal
